
Microsoft Visual Studio Solution File, Format Version 12.00
# Visual Studio 15
VisualStudioVersion = 15.0.28307.539
MinimumVisualStudioVersion = 10.0.40219.1
Project("{FAE04EC0-301F-11D3-BF4B-00C04F79EFBC}") = "LineBot", "LineBot\LineBot.csproj", "{D7AF0ECF-8959-4336-A6BB-9E740941A781}"
EndProject
Global
	GlobalSection(SolutionConfigurationPlatforms) = preSolution
		Debug|Any CPU = Debug|Any CPU
		Release|Any CPU = Release|Any CPU
	EndGlobalSection
	GlobalSection(ProjectConfigurationPlatforms) = postSolution
		{D7AF0ECF-8959-4336-A6BB-9E740941A781}.Debug|Any CPU.ActiveCfg = Debug|Any CPU
		{D7AF0ECF-8959-4336-A6BB-9E740941A781}.Debug|Any CPU.Build.0 = Debug|Any CPU
		{D7AF0ECF-8959-4336-A6BB-9E740941A781}.Release|Any CPU.ActiveCfg = Release|Any CPU
		{D7AF0ECF-8959-4336-A6BB-9E740941A781}.Release|Any CPU.Build.0 = Release|Any CPU
	EndGlobalSection
	GlobalSection(SolutionProperties) = preSolution
		HideSolutionNode = FALSE
	EndGlobalSection
	GlobalSection(ExtensibilityGlobals) = postSolution
		SolutionGuid = {AF9EC0F9-6ED6-4F64-9FF4-7390F35D3A06}
	EndGlobalSection
EndGlobal
